
Microsoft Visual Studio Solution File, Format Version 12.00
# Visual Studio Version 17
VisualStudioVersion = 17.1.32210.238
MinimumVisualStudioVersion = 10.0.40219.1
Project("{9A19103F-16F7-4668-BE54-9A1E7A4F7556}") = "Cheetah.WebApi.Shared", "src\Cheetah.WebApi.Shared\Cheetah.WebApi.Shared.csproj", "{D49DB3AA-20D7-4B7A-A5FD-5D093BAFD3CC}"
EndProject
Project("{9A19103F-16F7-4668-BE54-9A1E7A4F7556}") = "Cheetah.WebApi.Shared.Test", "src\Cheetah.WebApi.Shared.Test\Cheetah.WebApi.Shared.Test.csproj", "{FE63BBB3-21CE-4469-9BE0-97A6B31D5DB2}"
EndProject
Project("{2150E333-8FDC-42A3-9474-1A3956D46DE8}") = "Solution Items", "Solution Items", "{5CB19838-D0DD-411B-A401-F0FE3E063220}"
	ProjectSection(SolutionItems) = preProject
		README.md = README.md
		.github\workflows\shared-nuget-patches .yml = .github\workflows\shared-nuget-patches .yml
		.github\workflows\shared-nuget.yml = .github\workflows\shared-nuget.yml
	EndProjectSection
EndProject
Project("{9A19103F-16F7-4668-BE54-9A1E7A4F7556}") = "Cheetah.ComponentTest", "src\Cheetah.Componenttest\Cheetah.ComponentTest.csproj", "{218D3E64-0A50-44D4-B78B-4E56B963B281}"
EndProject
Global
	GlobalSection(SolutionConfigurationPlatforms) = preSolution
		Debug|Any CPU = Debug|Any CPU
		Release|Any CPU = Release|Any CPU
	EndGlobalSection
	GlobalSection(ProjectConfigurationPlatforms) = postSolution
		{D49DB3AA-20D7-4B7A-A5FD-5D093BAFD3CC}.Debug|Any CPU.ActiveCfg = Debug|Any CPU
		{D49DB3AA-20D7-4B7A-A5FD-5D093BAFD3CC}.Debug|Any CPU.Build.0 = Debug|Any CPU
		{D49DB3AA-20D7-4B7A-A5FD-5D093BAFD3CC}.Release|Any CPU.ActiveCfg = Release|Any CPU
		{D49DB3AA-20D7-4B7A-A5FD-5D093BAFD3CC}.Release|Any CPU.Build.0 = Release|Any CPU
		{FE63BBB3-21CE-4469-9BE0-97A6B31D5DB2}.Debug|Any CPU.ActiveCfg = Debug|Any CPU
		{FE63BBB3-21CE-4469-9BE0-97A6B31D5DB2}.Debug|Any CPU.Build.0 = Debug|Any CPU
		{FE63BBB3-21CE-4469-9BE0-97A6B31D5DB2}.Release|Any CPU.ActiveCfg = Release|Any CPU
		{FE63BBB3-21CE-4469-9BE0-97A6B31D5DB2}.Release|Any CPU.Build.0 = Release|Any CPU
		{218D3E64-0A50-44D4-B78B-4E56B963B281}.Debug|Any CPU.ActiveCfg = Debug|Any CPU
		{218D3E64-0A50-44D4-B78B-4E56B963B281}.Debug|Any CPU.Build.0 = Debug|Any CPU
		{218D3E64-0A50-44D4-B78B-4E56B963B281}.Release|Any CPU.ActiveCfg = Release|Any CPU
		{218D3E64-0A50-44D4-B78B-4E56B963B281}.Release|Any CPU.Build.0 = Release|Any CPU
	EndGlobalSection
	GlobalSection(SolutionProperties) = preSolution
		HideSolutionNode = FALSE
	EndGlobalSection
	GlobalSection(ExtensibilityGlobals) = postSolution
		SolutionGuid = {5214A574-425B-4EC4-8E5A-BD927E056069}
	EndGlobalSection
EndGlobal
