
Microsoft Visual Studio Solution File, Format Version 12.00
# Visual Studio Version 17
VisualStudioVersion = 17.1.32210.238
MinimumVisualStudioVersion = 10.0.40219.1
Project("{2150E333-8FDC-42A3-9474-1A3956D46DE8}") = "Solution Items", "Solution Items", "{5CB19838-D0DD-411B-A401-F0FE3E063220}"
	ProjectSection(SolutionItems) = preProject
		README.md = README.md
	EndProjectSection
EndProject
Project("{9A19103F-16F7-4668-BE54-9A1E7A4F7556}") = "Cheetah.Auth", "src\Cheetah.Auth\Cheetah.Auth.csproj", "{1DE5990E-1317-45CF-992E-A0036A6E0E36}"
EndProject
Project("{9A19103F-16F7-4668-BE54-9A1E7A4F7556}") = "Cheetah.MetricsTesting", "src\Cheetah.MetricsTesting\Cheetah.MetricsTesting.csproj", "{218D3E64-0A50-44D4-B78B-4E56B963B281}"
EndProject
Project("{FAE04EC0-301F-11D3-BF4B-00C04F79EFBC}") = "Cheetah.Kafka", "src\Cheetah.Kafka\Cheetah.Kafka.csproj", "{1726C32F-95CD-4CA3-9BB4-B2AEF348C52E}"
EndProject
Project("{FAE04EC0-301F-11D3-BF4B-00C04F79EFBC}") = "Cheetah.Kafka.Test", "src\Cheetah.Kafka.Test\Cheetah.Kafka.Test.csproj", "{D0309E13-0DD4-4651-A261-1564CBA402BD}"
EndProject
Project("{FAE04EC0-301F-11D3-BF4B-00C04F79EFBC}") = "Cheetah.OpenSearch", "src\Cheetah.OpenSearch\Cheetah.OpenSearch.csproj", "{5F2E230C-7513-4EB2-9EBA-2FBB846EB2A2}"
EndProject
Project("{FAE04EC0-301F-11D3-BF4B-00C04F79EFBC}") = "Cheetah.OpenSearch.Test", "src\Cheetah.OpenSearch.Test\Cheetah.OpenSearch.Test.csproj", "{BCE6E9F0-9ED3-48F4-8B36-D09C71C5C471}"
EndProject
Project("{FAE04EC0-301F-11D3-BF4B-00C04F79EFBC}") = "Cheetah.OpenSearch.ExampleAPI", "src\Cheetah.OpenSearch.ExampleAPI\Cheetah.OpenSearch.ExampleAPI.csproj", "{371954B9-214C-4D34-9612-54B3A71A38E2}"
EndProject
Project("{FAE04EC0-301F-11D3-BF4B-00C04F79EFBC}") = "Cheetah.Kafka.ExampleProcessor", "src\Cheetah.Kafka.ExampleProcessor\Cheetah.Kafka.ExampleProcessor.csproj", "{8DEF8ED0-0618-4364-964B-AC2AB2166B16}"
EndProject
Project("{2150E333-8FDC-42A3-9474-1A3956D46DE8}") = "Examples", "Examples", "{8404B99D-B908-45B9-9C3F-2BF299253A42}"
EndProject
Project("{FAE04EC0-301F-11D3-BF4B-00C04F79EFBC}") = "Cheetah.OpenSearch.Extensions", "src\Cheetah.OpenSearch.Extensions\Cheetah.OpenSearch.Extensions.csproj", "{8B3576AA-1CCA-4B76-B61D-60560103C007}"
EndProject
Project("{FAE04EC0-301F-11D3-BF4B-00C04F79EFBC}") = "Cheetah.SchemaRegistry", "src\Cheetah.SchemaRegistry\Cheetah.SchemaRegistry.csproj", "{B701DDC8-C1EF-4326-9701-0E51F6D7A98F}"
EndProject
Project("{2150E333-8FDC-42A3-9474-1A3956D46DE8}") = "src", "src", "{943D8CDF-D7D2-4AE9-A3A2-3ED3316026C7}"
EndProject
Project("{FAE04EC0-301F-11D3-BF4B-00C04F79EFBC}") = "Cheetah.SchemaRegistry.Test", "src\Cheetah.SchemaRegistry.Test\Cheetah.SchemaRegistry.Test.csproj", "{270BDD26-6705-4289-BD36-90824A6E8658}"
EndProject
Global
	GlobalSection(SolutionConfigurationPlatforms) = preSolution
		Debug|Any CPU = Debug|Any CPU
		Release|Any CPU = Release|Any CPU
	EndGlobalSection
	GlobalSection(ProjectConfigurationPlatforms) = postSolution
		{218D3E64-0A50-44D4-B78B-4E56B963B281}.Debug|Any CPU.ActiveCfg = Debug|Any CPU
		{218D3E64-0A50-44D4-B78B-4E56B963B281}.Debug|Any CPU.Build.0 = Debug|Any CPU
		{218D3E64-0A50-44D4-B78B-4E56B963B281}.Release|Any CPU.ActiveCfg = Release|Any CPU
		{218D3E64-0A50-44D4-B78B-4E56B963B281}.Release|Any CPU.Build.0 = Release|Any CPU
		{1DE5990E-1317-45CF-992E-A0036A6E0E36}.Debug|Any CPU.ActiveCfg = Debug|Any CPU
		{1DE5990E-1317-45CF-992E-A0036A6E0E36}.Debug|Any CPU.Build.0 = Debug|Any CPU
		{1DE5990E-1317-45CF-992E-A0036A6E0E36}.Release|Any CPU.ActiveCfg = Release|Any CPU
		{1DE5990E-1317-45CF-992E-A0036A6E0E36}.Release|Any CPU.Build.0 = Release|Any CPU
		{5F2E230C-7513-4EB2-9EBA-2FBB846EB2A2}.Debug|Any CPU.ActiveCfg = Debug|Any CPU
		{5F2E230C-7513-4EB2-9EBA-2FBB846EB2A2}.Debug|Any CPU.Build.0 = Debug|Any CPU
		{5F2E230C-7513-4EB2-9EBA-2FBB846EB2A2}.Release|Any CPU.ActiveCfg = Release|Any CPU
		{5F2E230C-7513-4EB2-9EBA-2FBB846EB2A2}.Release|Any CPU.Build.0 = Release|Any CPU
		{1726C32F-95CD-4CA3-9BB4-B2AEF348C52E}.Debug|Any CPU.ActiveCfg = Debug|Any CPU
		{1726C32F-95CD-4CA3-9BB4-B2AEF348C52E}.Debug|Any CPU.Build.0 = Debug|Any CPU
		{1726C32F-95CD-4CA3-9BB4-B2AEF348C52E}.Release|Any CPU.ActiveCfg = Release|Any CPU
		{1726C32F-95CD-4CA3-9BB4-B2AEF348C52E}.Release|Any CPU.Build.0 = Release|Any CPU
		{BCE6E9F0-9ED3-48F4-8B36-D09C71C5C471}.Debug|Any CPU.ActiveCfg = Debug|Any CPU
		{BCE6E9F0-9ED3-48F4-8B36-D09C71C5C471}.Debug|Any CPU.Build.0 = Debug|Any CPU
		{BCE6E9F0-9ED3-48F4-8B36-D09C71C5C471}.Release|Any CPU.ActiveCfg = Release|Any CPU
		{BCE6E9F0-9ED3-48F4-8B36-D09C71C5C471}.Release|Any CPU.Build.0 = Release|Any CPU
		{D0309E13-0DD4-4651-A261-1564CBA402BD}.Debug|Any CPU.ActiveCfg = Debug|Any CPU
		{D0309E13-0DD4-4651-A261-1564CBA402BD}.Debug|Any CPU.Build.0 = Debug|Any CPU
		{D0309E13-0DD4-4651-A261-1564CBA402BD}.Release|Any CPU.ActiveCfg = Release|Any CPU
		{D0309E13-0DD4-4651-A261-1564CBA402BD}.Release|Any CPU.Build.0 = Release|Any CPU
		{371954B9-214C-4D34-9612-54B3A71A38E2}.Debug|Any CPU.ActiveCfg = Debug|Any CPU
		{371954B9-214C-4D34-9612-54B3A71A38E2}.Debug|Any CPU.Build.0 = Debug|Any CPU
		{371954B9-214C-4D34-9612-54B3A71A38E2}.Release|Any CPU.ActiveCfg = Release|Any CPU
		{371954B9-214C-4D34-9612-54B3A71A38E2}.Release|Any CPU.Build.0 = Release|Any CPU
		{8DEF8ED0-0618-4364-964B-AC2AB2166B16}.Debug|Any CPU.ActiveCfg = Debug|Any CPU
		{8DEF8ED0-0618-4364-964B-AC2AB2166B16}.Debug|Any CPU.Build.0 = Debug|Any CPU
		{8DEF8ED0-0618-4364-964B-AC2AB2166B16}.Release|Any CPU.ActiveCfg = Release|Any CPU
		{8DEF8ED0-0618-4364-964B-AC2AB2166B16}.Release|Any CPU.Build.0 = Release|Any CPU
		{8B3576AA-1CCA-4B76-B61D-60560103C007}.Debug|Any CPU.ActiveCfg = Debug|Any CPU
		{8B3576AA-1CCA-4B76-B61D-60560103C007}.Debug|Any CPU.Build.0 = Debug|Any CPU
		{8B3576AA-1CCA-4B76-B61D-60560103C007}.Release|Any CPU.ActiveCfg = Release|Any CPU
		{8B3576AA-1CCA-4B76-B61D-60560103C007}.Release|Any CPU.Build.0 = Release|Any CPU
		{B701DDC8-C1EF-4326-9701-0E51F6D7A98F}.Debug|Any CPU.ActiveCfg = Debug|Any CPU
		{B701DDC8-C1EF-4326-9701-0E51F6D7A98F}.Debug|Any CPU.Build.0 = Debug|Any CPU
		{B701DDC8-C1EF-4326-9701-0E51F6D7A98F}.Release|Any CPU.ActiveCfg = Release|Any CPU
		{B701DDC8-C1EF-4326-9701-0E51F6D7A98F}.Release|Any CPU.Build.0 = Release|Any CPU
		{270BDD26-6705-4289-BD36-90824A6E8658}.Debug|Any CPU.ActiveCfg = Debug|Any CPU
		{270BDD26-6705-4289-BD36-90824A6E8658}.Debug|Any CPU.Build.0 = Debug|Any CPU
		{270BDD26-6705-4289-BD36-90824A6E8658}.Release|Any CPU.ActiveCfg = Release|Any CPU
		{270BDD26-6705-4289-BD36-90824A6E8658}.Release|Any CPU.Build.0 = Release|Any CPU
	EndGlobalSection
	GlobalSection(SolutionProperties) = preSolution
		HideSolutionNode = FALSE
	EndGlobalSection
	GlobalSection(ExtensibilityGlobals) = postSolution
		SolutionGuid = {5214A574-425B-4EC4-8E5A-BD927E056069}
	EndGlobalSection
	GlobalSection(NestedProjects) = preSolution
		{8DEF8ED0-0618-4364-964B-AC2AB2166B16} = {8404B99D-B908-45B9-9C3F-2BF299253A42}
		{371954B9-214C-4D34-9612-54B3A71A38E2} = {8404B99D-B908-45B9-9C3F-2BF299253A42}
		{270BDD26-6705-4289-BD36-90824A6E8658} = {943D8CDF-D7D2-4AE9-A3A2-3ED3316026C7}
	EndGlobalSection
EndGlobal
